
Microsoft Visual Studio Solution File, Format Version 12.00
# Visual Studio Version 17
VisualStudioVersion = 17.10.35013.160
MinimumVisualStudioVersion = 10.0.40219.1
Project("{FAE04EC0-301F-11D3-BF4B-00C04F79EFBC}") = "Reverse All Elements of an Array", "Reverse All Elements of an Array.csproj", "{B157304E-EE67-4F07-B524-4A6B53A36683}"
EndProject
Global
	GlobalSection(SolutionConfigurationPlatforms) = preSolution
		Debug|Any CPU = Debug|Any CPU
		Release|Any CPU = Release|Any CPU
	EndGlobalSection
	GlobalSection(ProjectConfigurationPlatforms) = postSolution
		{B157304E-EE67-4F07-B524-4A6B53A36683}.Debug|Any CPU.ActiveCfg = Debug|Any CPU
		{B157304E-EE67-4F07-B524-4A6B53A36683}.Debug|Any CPU.Build.0 = Debug|Any CPU
		{B157304E-EE67-4F07-B524-4A6B53A36683}.Release|Any CPU.ActiveCfg = Release|Any CPU
		{B157304E-EE67-4F07-B524-4A6B53A36683}.Release|Any CPU.Build.0 = Release|Any CPU
	EndGlobalSection
	GlobalSection(SolutionProperties) = preSolution
		HideSolutionNode = FALSE
	EndGlobalSection
	GlobalSection(ExtensibilityGlobals) = postSolution
		SolutionGuid = {D85D5129-1D8C-4828-B4F7-930A08DB5E60}
	EndGlobalSection
EndGlobal
